
Microsoft Visual Studio Solution File, Format Version 12.00
# Visual Studio Version 17
VisualStudioVersion = 17.9.34728.123
MinimumVisualStudioVersion = 10.0.40219.1
Project("{8BC9CEB8-8B4A-11D0-8D11-00A0C91BC942}") = "Ising", "Ising.vcxproj", "{3E7B5F5A-8F0E-40AD-B2F9-CD9131F87C10}"
EndProject
Global
	GlobalSection(SolutionConfigurationPlatforms) = preSolution
		Debug|x64 = Debug|x64
		Debug|x86 = Debug|x86
		Release|x64 = Release|x64
		Release|x86 = Release|x86
	EndGlobalSection
	GlobalSection(ProjectConfigurationPlatforms) = postSolution
		{3E7B5F5A-8F0E-40AD-B2F9-CD9131F87C10}.Debug|x64.ActiveCfg = Debug|x64
		{3E7B5F5A-8F0E-40AD-B2F9-CD9131F87C10}.Debug|x64.Build.0 = Debug|x64
		{3E7B5F5A-8F0E-40AD-B2F9-CD9131F87C10}.Debug|x86.ActiveCfg = Debug|Win32
		{3E7B5F5A-8F0E-40AD-B2F9-CD9131F87C10}.Debug|x86.Build.0 = Debug|Win32
		{3E7B5F5A-8F0E-40AD-B2F9-CD9131F87C10}.Release|x64.ActiveCfg = Release|x64
		{3E7B5F5A-8F0E-40AD-B2F9-CD9131F87C10}.Release|x64.Build.0 = Release|x64
		{3E7B5F5A-8F0E-40AD-B2F9-CD9131F87C10}.Release|x86.ActiveCfg = Release|Win32
		{3E7B5F5A-8F0E-40AD-B2F9-CD9131F87C10}.Release|x86.Build.0 = Release|Win32
	EndGlobalSection
	GlobalSection(SolutionProperties) = preSolution
		HideSolutionNode = FALSE
	EndGlobalSection
	GlobalSection(ExtensibilityGlobals) = postSolution
		SolutionGuid = {7A90E8E6-A899-42A7-B34B-FA80A2601AF1}
	EndGlobalSection
EndGlobal
